<?xml version="1.0" encoding="UTF-8"?>
<CONFIG>
  <ProjectOptions>
    <Version Value="12"/>
    <General>
      <Flags>
        <MainUnitHasCreateFormStatements Value="False"/>
        <MainUnitHasTitleStatement Value="False"/>
        <MainUnitHasScaledStatement Value="False"/>
        <Runnable Value="False"/>
        <CompatibilityMode Value="True"/>
      </Flags>
      <SessionStorage Value="InProjectDir"/>
      <Title Value="fpgeanyplugindemo"/>
      <UseAppBundle Value="False"/>
      <ResourceType Value="res"/>
    </General>
    <VersionInfo>
      <UseVersionInfo Value="True"/>
      <MajorVersionNr Value="1"/>
      <StringTable Comments="Distributed under the terms of the GPL 3.0 License" CompanyName="Robert Di Pardo &lt;dipardo.r@gmail.com&gt;" FileDescription="Free Pascal plugin for the Geany IDE" InternalName="$NameOnly($(ProjFile))" LegalCopyright="(c) 2023 Robert Di Pardo" OriginalFilename="$MakeLib($Name($(ProjFile)))" ProductName="$NameOnly($(ProjFile))" ProductVersion="1.0"/>
    </VersionInfo>
    <MacroValues Count="1">
      <Macro1 Name="LCLWidgetType" Value="gtk3"/>
    </MacroValues>
    <BuildModes Count="2">
      <Item1 Name="Release" Default="True"/>
      <Item2 Name="Debug">
        <MacroValues Count="1">
          <Macro1 Name="LCLWidgetType" Value="gtk3"/>
        </MacroValues>
        <CompilerOptions>
          <Version Value="11"/>
          <Target>
            <Filename Value="bin/$(TargetCPU)-$(TargetOS)/$(BuildMode)/$NameOnly($(ProjFile))$Ext($MakeLib($Name($(ProjFile))))" ApplyConventions="False"/>
          </Target>
          <SearchPaths>
            <IncludeFiles Value="$(ProjOutDir)"/>
            <UnitOutputDirectory Value="obj/$(TargetCPU)-$(TargetOS)/$(BuildMode)"/>
          </SearchPaths>
          <Parsing>
            <SyntaxOptions>
              <IncludeAssertionCode Value="True"/>
              <UseAnsiStrings Value="False"/>
            </SyntaxOptions>
          </Parsing>
          <CodeGeneration>
            <Checks>
              <IOChecks Value="True"/>
              <RangeChecks Value="True"/>
              <OverflowChecks Value="True"/>
              <StackChecks Value="True"/>
            </Checks>
            <VerifyObjMethodCallValidity Value="True"/>
          </CodeGeneration>
          <Linking>
            <Debugging>
              <UseHeaptrc Value="True"/>
              <TrashVariables Value="True"/>
              <UseExternalDbgSyms Value="True"/>
            </Debugging>
            <Options>
              <ExecutableType Value="Library"/>
            </Options>
          </Linking>
        </CompilerOptions>
      </Item2>
      <SharedMatrixOptions Count="1">
        <Item1 ID="640637406094" Modes="Debug,Release" Type="IDEMacro" MacroName="LCLWidgetType" Value="gtk3"/>
      </SharedMatrixOptions>
    </BuildModes>
    <PublishOptions>
      <Version Value="2"/>
      <UseFileFilters Value="True"/>
    </PublishOptions>
    <RunParams>
      <FormatVersion Value="2"/>
    </RunParams>
    <RequiredPackages Count="1">
      <Item1>
        <PackageName Value="fpgeanyplugin"/>
        <MinVersion Release="1" Valid="True"/>
        <DefaultFilename Value="../fpgeanyplugin.lpk"/>
      </Item1>
    </RequiredPackages>
    <Units Count="1">
      <Unit0>
        <Filename Value="fpgeanyplugindemo.lpr"/>
        <IsPartOfProject Value="True"/>
      </Unit0>
    </Units>
  </ProjectOptions>
  <CompilerOptions>
    <Version Value="11"/>
    <Target>
      <Filename Value="bin/$(TargetCPU)-$(TargetOS)/$(BuildMode)/$NameOnly($(ProjFile))$Ext($MakeLib($Name($(ProjFile))))" ApplyConventions="False"/>
    </Target>
    <SearchPaths>
      <IncludeFiles Value="$(ProjOutDir)"/>
      <UnitOutputDirectory Value="obj/$(TargetCPU)-$(TargetOS)/$(BuildMode)"/>
    </SearchPaths>
    <Parsing>
      <SyntaxOptions>
        <UseAnsiStrings Value="False"/>
      </SyntaxOptions>
    </Parsing>
    <CodeGeneration>
      <RelocatableUnit Value="True"/>
      <Optimizations>
        <OptimizationLevel Value="3"/>
      </Optimizations>
    </CodeGeneration>
    <Linking>
      <Debugging>
        <GenerateDebugInfo Value="False"/>
        <StripSymbols Value="True"/>
      </Debugging>
      <Options>
        <ExecutableType Value="Library"/>
      </Options>
    </Linking>
    <Other>
      <CustomOptions Value="-XX"/>
    </Other>
  </CompilerOptions>
  <Debugging>
    <Exceptions Count="3">
      <Item1>
        <Name Value="EAbort"/>
      </Item1>
      <Item2>
        <Name Value="ECodetoolError"/>
      </Item2>
      <Item3>
        <Name Value="EFOpenError"/>
      </Item3>
    </Exceptions>
  </Debugging>
</CONFIG>
